
Microsoft Visual Studio Solution File, Format Version 12.00
Project("{FAE04EC0-301F-11D3-BF4B-00C04F79EFBC}") = "Tenacity", "Tenacity\Tenacity.csproj", "{B1CC958B-840C-4AAF-9AE7-7EF8DA315688}"
EndProject
Global
	GlobalSection(SolutionConfigurationPlatforms) = preSolution
		Debug|Any CPU = Debug|Any CPU
		Release|Any CPU = Release|Any CPU
	EndGlobalSection
	GlobalSection(ProjectConfigurationPlatforms) = postSolution
		{B1CC958B-840C-4AAF-9AE7-7EF8DA315688}.Debug|Any CPU.ActiveCfg = Debug|Any CPU
		{B1CC958B-840C-4AAF-9AE7-7EF8DA315688}.Debug|Any CPU.Build.0 = Debug|Any CPU
		{B1CC958B-840C-4AAF-9AE7-7EF8DA315688}.Release|Any CPU.ActiveCfg = Release|Any CPU
		{B1CC958B-840C-4AAF-9AE7-7EF8DA315688}.Release|Any CPU.Build.0 = Release|Any CPU
	EndGlobalSection
EndGlobal
